
Microsoft Visual Studio Solution File, Format Version 12.00
# Visual Studio Version 17
VisualStudioVersion = 17.0.31903.59
MinimumVisualStudioVersion = 10.0.40219.1
Project("{9A19103F-16F7-4668-BE54-9A1E7A4F7556}") = "Modules", "Modules\Modules.csproj", "{98007185-0AB9-4310-8896-5750958023EB}"
EndProject
Project("{FAE04EC0-301F-11D3-BF4B-00C04F79EFBC}") = "Tests", "Tests\Tests.csproj", "{AFD0EE2A-16D4-4F6C-94F1-FFFB52148831}"
EndProject
Global
	GlobalSection(SolutionConfigurationPlatforms) = preSolution
		Debug|Any CPU = Debug|Any CPU
		Release|Any CPU = Release|Any CPU
	EndGlobalSection
	GlobalSection(ProjectConfigurationPlatforms) = postSolution
		{98007185-0AB9-4310-8896-5750958023EB}.Debug|Any CPU.ActiveCfg = Debug|Any CPU
		{98007185-0AB9-4310-8896-5750958023EB}.Debug|Any CPU.Build.0 = Debug|Any CPU
		{98007185-0AB9-4310-8896-5750958023EB}.Release|Any CPU.ActiveCfg = Release|Any CPU
		{98007185-0AB9-4310-8896-5750958023EB}.Release|Any CPU.Build.0 = Release|Any CPU
		{AFD0EE2A-16D4-4F6C-94F1-FFFB52148831}.Debug|Any CPU.ActiveCfg = Debug|Any CPU
		{AFD0EE2A-16D4-4F6C-94F1-FFFB52148831}.Debug|Any CPU.Build.0 = Debug|Any CPU
		{AFD0EE2A-16D4-4F6C-94F1-FFFB52148831}.Release|Any CPU.ActiveCfg = Release|Any CPU
		{AFD0EE2A-16D4-4F6C-94F1-FFFB52148831}.Release|Any CPU.Build.0 = Release|Any CPU
	EndGlobalSection
	GlobalSection(SolutionProperties) = preSolution
		HideSolutionNode = FALSE
	EndGlobalSection
	GlobalSection(ExtensibilityGlobals) = postSolution
		SolutionGuid = {47C0D0D4-3822-41FE-A1A1-0E4A86AC5369}
	EndGlobalSection
EndGlobal
